# This file is automatically @generated by Cargo.
# It is not intended for manual editing.
[[package]]
name = "exceptions"
version = "0.1.0"

[[package]]
name = "memory-safe-std"
version = "0.1.0"
dependencies = [
 "exceptions 0.1.0",
]

[[package]]
name = "numeric"
version = "0.1.0"
dependencies = [
 "memory-safe-std 0.1.0",
]

[[package]]
name = "playground"
version = "0.1.0"

